
Microsoft Visual Studio Solution File, Format Version 12.00
# Visual Studio Version 17
VisualStudioVersion = 17.9.34902.65
MinimumVisualStudioVersion = 10.0.40219.1
Project("{FAE04EC0-301F-11D3-BF4B-00C04F79EFBC}") = "MejorAppTG1", "MejorAppTG1\MejorAppTG1.csproj", "{D5ABB9D8-2067-4696-8ED7-B2DB979A6120}"
EndProject
Project("{FAE04EC0-301F-11D3-BF4B-00C04F79EFBC}") = "ML_Training", "ML_Training\ML_Training.csproj", "{EC707A21-D392-4A6E-9B16-173E6A392C75}"
EndProject
Global
	GlobalSection(SolutionConfigurationPlatforms) = preSolution
		Debug|Any CPU = Debug|Any CPU
		Release|Any CPU = Release|Any CPU
	EndGlobalSection
	GlobalSection(ProjectConfigurationPlatforms) = postSolution
		{D5ABB9D8-2067-4696-8ED7-B2DB979A6120}.Debug|Any CPU.ActiveCfg = Debug|Any CPU
		{D5ABB9D8-2067-4696-8ED7-B2DB979A6120}.Debug|Any CPU.Build.0 = Debug|Any CPU
		{D5ABB9D8-2067-4696-8ED7-B2DB979A6120}.Debug|Any CPU.Deploy.0 = Debug|Any CPU
		{D5ABB9D8-2067-4696-8ED7-B2DB979A6120}.Release|Any CPU.ActiveCfg = Release|Any CPU
		{D5ABB9D8-2067-4696-8ED7-B2DB979A6120}.Release|Any CPU.Build.0 = Release|Any CPU
		{D5ABB9D8-2067-4696-8ED7-B2DB979A6120}.Release|Any CPU.Deploy.0 = Release|Any CPU
		{EC707A21-D392-4A6E-9B16-173E6A392C75}.Debug|Any CPU.ActiveCfg = Debug|x64
		{EC707A21-D392-4A6E-9B16-173E6A392C75}.Debug|Any CPU.Build.0 = Debug|x64
		{EC707A21-D392-4A6E-9B16-173E6A392C75}.Release|Any CPU.ActiveCfg = Release|Any CPU
		{EC707A21-D392-4A6E-9B16-173E6A392C75}.Release|Any CPU.Build.0 = Release|Any CPU
	EndGlobalSection
	GlobalSection(SolutionProperties) = preSolution
		HideSolutionNode = FALSE
	EndGlobalSection
	GlobalSection(ExtensibilityGlobals) = postSolution
		SolutionGuid = {04EA570C-7DEA-483D-A01F-24A3F07391D6}
	EndGlobalSection
EndGlobal
